
Microsoft Visual Studio Solution File, Format Version 12.00
# Visual Studio 15
VisualStudioVersion = 15.0.28307.539
MinimumVisualStudioVersion = 10.0.40219.1
Project("{8BC9CEB8-8B4A-11D0-8D11-00A0C91BC942}") = "Scratcher", "Scratcher.vcxproj", "{E4EDDC4C-A72E-47EA-8000-260FDCE78C2E}"
EndProject
Global
	GlobalSection(SolutionConfigurationPlatforms) = preSolution
		Debug|x64 = Debug|x64
		Debug|x86 = Debug|x86
		Release|x64 = Release|x64
		Release|x86 = Release|x86
	EndGlobalSection
	GlobalSection(ProjectConfigurationPlatforms) = postSolution
		{E4EDDC4C-A72E-47EA-8000-260FDCE78C2E}.Debug|x64.ActiveCfg = Debug|x64
		{E4EDDC4C-A72E-47EA-8000-260FDCE78C2E}.Debug|x64.Build.0 = Debug|x64
		{E4EDDC4C-A72E-47EA-8000-260FDCE78C2E}.Debug|x86.ActiveCfg = Debug|Win32
		{E4EDDC4C-A72E-47EA-8000-260FDCE78C2E}.Debug|x86.Build.0 = Debug|Win32
		{E4EDDC4C-A72E-47EA-8000-260FDCE78C2E}.Release|x64.ActiveCfg = Release|x64
		{E4EDDC4C-A72E-47EA-8000-260FDCE78C2E}.Release|x64.Build.0 = Release|x64
		{E4EDDC4C-A72E-47EA-8000-260FDCE78C2E}.Release|x86.ActiveCfg = Release|Win32
		{E4EDDC4C-A72E-47EA-8000-260FDCE78C2E}.Release|x86.Build.0 = Release|Win32
	EndGlobalSection
	GlobalSection(SolutionProperties) = preSolution
		HideSolutionNode = FALSE
	EndGlobalSection
	GlobalSection(ExtensibilityGlobals) = postSolution
		SolutionGuid = {28B1686B-6ED2-420E-8D61-BE6322BE1C36}
	EndGlobalSection
EndGlobal
